
Microsoft Visual Studio Solution File, Format Version 12.00
# Visual Studio Version 16
VisualStudioVersion = 16.0.31229.75
MinimumVisualStudioVersion = 10.0.40219.1
Project("{9A19103F-16F7-4668-BE54-9A1E7A4F7556}") = "FactoryMethod", "FactoryMethod\FactoryMethod.csproj", "{690EDF24-7CB1-43F5-81D7-FEB6C4BD2F57}"
EndProject
Project("{2150E333-8FDC-42A3-9474-1A3956D46DE8}") = "1 - Creational Patterns", "1 - Creational Patterns", "{F9E694CD-EE39-44D4-8F3E-FE0E7A378A55}"
EndProject
Project("{9A19103F-16F7-4668-BE54-9A1E7A4F7556}") = "AbstractFactory", "AbstractFactory\AbstractFactory.csproj", "{29081E35-3FFC-47CC-A558-801FF4D62A9F}"
EndProject
Project("{9A19103F-16F7-4668-BE54-9A1E7A4F7556}") = "Singleton", "Singleton\Singleton.csproj", "{9E687E0A-B777-4B57-8C8D-424375B24EFB}"
EndProject
Project("{9A19103F-16F7-4668-BE54-9A1E7A4F7556}") = "Builder", "Builder\Builder.csproj", "{E3B656F3-8048-49C2-8A7F-615A30D1A1DE}"
EndProject
Project("{9A19103F-16F7-4668-BE54-9A1E7A4F7556}") = "Prototype", "Prototype\Prototype.csproj", "{3075EF73-8988-4657-A4F4-37C00D62336E}"
EndProject
Project("{2150E333-8FDC-42A3-9474-1A3956D46DE8}") = "2 - Structural Patterns", "2 - Structural Patterns", "{08C337F4-38FC-4CAE-AD05-137F48D966F8}"
EndProject
Project("{9A19103F-16F7-4668-BE54-9A1E7A4F7556}") = "Adapter", "Adapter\Adapter.csproj", "{2F4D1CD1-E486-407C-8F4F-ADABD99F98C6}"
EndProject
Project("{2150E333-8FDC-42A3-9474-1A3956D46DE8}") = "01 - Factory Method", "01 - Factory Method", "{3B59940A-F7D8-4981-BA62-52DF4C968333}"
EndProject
Project("{2150E333-8FDC-42A3-9474-1A3956D46DE8}") = "02 - AbstractFactory", "02 - AbstractFactory", "{059EC539-386D-4A71-961A-325F051B931E}"
EndProject
Project("{2150E333-8FDC-42A3-9474-1A3956D46DE8}") = "03 - Singleton", "03 - Singleton", "{F76295AF-E07A-43E9-962B-C00E8A2D2294}"
EndProject
Project("{2150E333-8FDC-42A3-9474-1A3956D46DE8}") = "04 - Builder", "04 - Builder", "{7196BF8F-8BBB-44CD-A9D9-C77C1FBF7A34}"
EndProject
Project("{2150E333-8FDC-42A3-9474-1A3956D46DE8}") = "05 - Prototype", "05 - Prototype", "{F7E69E43-2424-4F7D-A177-5DF644D4F187}"
EndProject
Project("{2150E333-8FDC-42A3-9474-1A3956D46DE8}") = "01 - Adapter", "01 - Adapter", "{2ACF11E9-DCE6-4401-B941-D7BF866C7536}"
EndProject
Project("{2150E333-8FDC-42A3-9474-1A3956D46DE8}") = "02 - Flyweight", "02 - Flyweight", "{420BCF58-B94D-41D4-BA57-D3BBD00F6D58}"
EndProject
Project("{9A19103F-16F7-4668-BE54-9A1E7A4F7556}") = "Flyweight", "Flyweight\Flyweight.csproj", "{993682AB-BB6F-4B4A-AEB1-F5F3AEEAF370}"
EndProject
Project("{2150E333-8FDC-42A3-9474-1A3956D46DE8}") = "03 - Bridge", "03 - Bridge", "{3C275BF8-8804-43BF-B2FE-C7C88B106AC3}"
EndProject
Project("{9A19103F-16F7-4668-BE54-9A1E7A4F7556}") = "Bridge", "Bridge\Bridge.csproj", "{883604E1-7D38-41C1-A27B-E1AC32D302E1}"
EndProject
Project("{2150E333-8FDC-42A3-9474-1A3956D46DE8}") = "04 - Composite", "04 - Composite", "{0EEF98E1-DAFA-46F1-95F5-1C80608B7593}"
EndProject
Project("{9A19103F-16F7-4668-BE54-9A1E7A4F7556}") = "Composite", "Composite\Composite.csproj", "{AC36B4CD-966C-44B2-BE6A-707020503B98}"
EndProject
Project("{2150E333-8FDC-42A3-9474-1A3956D46DE8}") = "05 - Decorator", "05 - Decorator", "{BC37FE8F-3863-49D0-B016-180BCD94D823}"
EndProject
Project("{9A19103F-16F7-4668-BE54-9A1E7A4F7556}") = "Decorator", "Decorator\Decorator.csproj", "{60684BA0-3110-4D75-8EC2-5485B2740168}"
EndProject
Project("{2150E333-8FDC-42A3-9474-1A3956D46DE8}") = "06 - Facade", "06 - Facade", "{F875A18C-1864-47EF-9493-5436E8045A9D}"
EndProject
Project("{9A19103F-16F7-4668-BE54-9A1E7A4F7556}") = "Facade", "Facade\Facade.csproj", "{EDDD1F0F-C484-4AB5-8B36-01FD6D81D041}"
EndProject
Project("{2150E333-8FDC-42A3-9474-1A3956D46DE8}") = "07 - Proxy", "07 - Proxy", "{4A968AA1-E616-4CB3-9F42-9C48067038B5}"
EndProject
Project("{9A19103F-16F7-4668-BE54-9A1E7A4F7556}") = "Proxy", "Proxy\Proxy.csproj", "{706E41FF-A1A2-4563-96DA-DCB701591726}"
EndProject
Project("{2150E333-8FDC-42A3-9474-1A3956D46DE8}") = "3 - Behavioral Patterns", "3 - Behavioral Patterns", "{9FBBD5F9-8820-4501-8FB9-300E431EB11C}"
EndProject
Project("{2150E333-8FDC-42A3-9474-1A3956D46DE8}") = "01 - Template Method", "01 - Template Method", "{E0A62552-72BC-49C2-A708-56F7546E2D7A}"
EndProject
Project("{9A19103F-16F7-4668-BE54-9A1E7A4F7556}") = "TemplateMethod", "Template Method\TemplateMethod.csproj", "{2B92E9E6-6561-4F1C-9325-54306B05C89C}"
EndProject
Project("{2150E333-8FDC-42A3-9474-1A3956D46DE8}") = "02 - Interpreter", "02 - Interpreter", "{0F9E59AA-D104-42AE-8FCE-68A5EABFB401}"
EndProject
Project("{9A19103F-16F7-4668-BE54-9A1E7A4F7556}") = "Interpreter", "Interpreter\Interpreter.csproj", "{DF06B2EA-5DDF-49AA-A1A7-67A87960E2BE}"
EndProject
Project("{2150E333-8FDC-42A3-9474-1A3956D46DE8}") = "03 - Observer", "03 - Observer", "{7F416EE3-F7E8-4644-AAF0-E4EB4392E5C4}"
EndProject
Project("{FAE04EC0-301F-11D3-BF4B-00C04F79EFBC}") = "Observer", "Observer\Observer.csproj", "{CD91C036-3017-4E62-915C-07373FCBE198}"
EndProject
Project("{2150E333-8FDC-42A3-9474-1A3956D46DE8}") = "04 - Visitor", "04 - Visitor", "{277FA601-B549-4393-8E02-D037EE866E4C}"
EndProject
Project("{FAE04EC0-301F-11D3-BF4B-00C04F79EFBC}") = "Visitor", "Visitor\Visitor.csproj", "{1E208EF0-737E-4602-B885-B8AE86C1B7F9}"
EndProject
Project("{2150E333-8FDC-42A3-9474-1A3956D46DE8}") = "05 - Command", "05 - Command", "{8D40E6DB-E80E-48FD-AFA4-7660DE101EBC}"
EndProject
Project("{FAE04EC0-301F-11D3-BF4B-00C04F79EFBC}") = "Command", "Command\Command.csproj", "{78448F1A-4507-4703-9071-6F67303493B8}"
EndProject
Project("{2150E333-8FDC-42A3-9474-1A3956D46DE8}") = "06 - Strategy", "06 - Strategy", "{37C7B248-9EE8-4DC7-A92A-C52F03FF49C7}"
EndProject
Project("{FAE04EC0-301F-11D3-BF4B-00C04F79EFBC}") = "Strategy", "Strategy\Strategy.csproj", "{5311A088-5289-4211-B35B-2B39A7D3F78A}"
EndProject
Global
	GlobalSection(SolutionConfigurationPlatforms) = preSolution
		Debug|Any CPU = Debug|Any CPU
		Release|Any CPU = Release|Any CPU
	EndGlobalSection
	GlobalSection(ProjectConfigurationPlatforms) = postSolution
		{690EDF24-7CB1-43F5-81D7-FEB6C4BD2F57}.Debug|Any CPU.ActiveCfg = Debug|Any CPU
		{690EDF24-7CB1-43F5-81D7-FEB6C4BD2F57}.Debug|Any CPU.Build.0 = Debug|Any CPU
		{690EDF24-7CB1-43F5-81D7-FEB6C4BD2F57}.Release|Any CPU.ActiveCfg = Release|Any CPU
		{690EDF24-7CB1-43F5-81D7-FEB6C4BD2F57}.Release|Any CPU.Build.0 = Release|Any CPU
		{29081E35-3FFC-47CC-A558-801FF4D62A9F}.Debug|Any CPU.ActiveCfg = Debug|Any CPU
		{29081E35-3FFC-47CC-A558-801FF4D62A9F}.Debug|Any CPU.Build.0 = Debug|Any CPU
		{29081E35-3FFC-47CC-A558-801FF4D62A9F}.Release|Any CPU.ActiveCfg = Release|Any CPU
		{29081E35-3FFC-47CC-A558-801FF4D62A9F}.Release|Any CPU.Build.0 = Release|Any CPU
		{9E687E0A-B777-4B57-8C8D-424375B24EFB}.Debug|Any CPU.ActiveCfg = Debug|Any CPU
		{9E687E0A-B777-4B57-8C8D-424375B24EFB}.Debug|Any CPU.Build.0 = Debug|Any CPU
		{9E687E0A-B777-4B57-8C8D-424375B24EFB}.Release|Any CPU.ActiveCfg = Release|Any CPU
		{9E687E0A-B777-4B57-8C8D-424375B24EFB}.Release|Any CPU.Build.0 = Release|Any CPU
		{E3B656F3-8048-49C2-8A7F-615A30D1A1DE}.Debug|Any CPU.ActiveCfg = Debug|Any CPU
		{E3B656F3-8048-49C2-8A7F-615A30D1A1DE}.Debug|Any CPU.Build.0 = Debug|Any CPU
		{E3B656F3-8048-49C2-8A7F-615A30D1A1DE}.Release|Any CPU.ActiveCfg = Release|Any CPU
		{E3B656F3-8048-49C2-8A7F-615A30D1A1DE}.Release|Any CPU.Build.0 = Release|Any CPU
		{3075EF73-8988-4657-A4F4-37C00D62336E}.Debug|Any CPU.ActiveCfg = Debug|Any CPU
		{3075EF73-8988-4657-A4F4-37C00D62336E}.Debug|Any CPU.Build.0 = Debug|Any CPU
		{3075EF73-8988-4657-A4F4-37C00D62336E}.Release|Any CPU.ActiveCfg = Release|Any CPU
		{3075EF73-8988-4657-A4F4-37C00D62336E}.Release|Any CPU.Build.0 = Release|Any CPU
		{2F4D1CD1-E486-407C-8F4F-ADABD99F98C6}.Debug|Any CPU.ActiveCfg = Debug|Any CPU
		{2F4D1CD1-E486-407C-8F4F-ADABD99F98C6}.Debug|Any CPU.Build.0 = Debug|Any CPU
		{2F4D1CD1-E486-407C-8F4F-ADABD99F98C6}.Release|Any CPU.ActiveCfg = Release|Any CPU
		{2F4D1CD1-E486-407C-8F4F-ADABD99F98C6}.Release|Any CPU.Build.0 = Release|Any CPU
		{993682AB-BB6F-4B4A-AEB1-F5F3AEEAF370}.Debug|Any CPU.ActiveCfg = Debug|Any CPU
		{993682AB-BB6F-4B4A-AEB1-F5F3AEEAF370}.Debug|Any CPU.Build.0 = Debug|Any CPU
		{993682AB-BB6F-4B4A-AEB1-F5F3AEEAF370}.Release|Any CPU.ActiveCfg = Release|Any CPU
		{993682AB-BB6F-4B4A-AEB1-F5F3AEEAF370}.Release|Any CPU.Build.0 = Release|Any CPU
		{883604E1-7D38-41C1-A27B-E1AC32D302E1}.Debug|Any CPU.ActiveCfg = Debug|Any CPU
		{883604E1-7D38-41C1-A27B-E1AC32D302E1}.Debug|Any CPU.Build.0 = Debug|Any CPU
		{883604E1-7D38-41C1-A27B-E1AC32D302E1}.Release|Any CPU.ActiveCfg = Release|Any CPU
		{883604E1-7D38-41C1-A27B-E1AC32D302E1}.Release|Any CPU.Build.0 = Release|Any CPU
		{AC36B4CD-966C-44B2-BE6A-707020503B98}.Debug|Any CPU.ActiveCfg = Debug|Any CPU
		{AC36B4CD-966C-44B2-BE6A-707020503B98}.Debug|Any CPU.Build.0 = Debug|Any CPU
		{AC36B4CD-966C-44B2-BE6A-707020503B98}.Release|Any CPU.ActiveCfg = Release|Any CPU
		{AC36B4CD-966C-44B2-BE6A-707020503B98}.Release|Any CPU.Build.0 = Release|Any CPU
		{60684BA0-3110-4D75-8EC2-5485B2740168}.Debug|Any CPU.ActiveCfg = Debug|Any CPU
		{60684BA0-3110-4D75-8EC2-5485B2740168}.Debug|Any CPU.Build.0 = Debug|Any CPU
		{60684BA0-3110-4D75-8EC2-5485B2740168}.Release|Any CPU.ActiveCfg = Release|Any CPU
		{60684BA0-3110-4D75-8EC2-5485B2740168}.Release|Any CPU.Build.0 = Release|Any CPU
		{EDDD1F0F-C484-4AB5-8B36-01FD6D81D041}.Debug|Any CPU.ActiveCfg = Debug|Any CPU
		{EDDD1F0F-C484-4AB5-8B36-01FD6D81D041}.Debug|Any CPU.Build.0 = Debug|Any CPU
		{EDDD1F0F-C484-4AB5-8B36-01FD6D81D041}.Release|Any CPU.ActiveCfg = Release|Any CPU
		{EDDD1F0F-C484-4AB5-8B36-01FD6D81D041}.Release|Any CPU.Build.0 = Release|Any CPU
		{706E41FF-A1A2-4563-96DA-DCB701591726}.Debug|Any CPU.ActiveCfg = Debug|Any CPU
		{706E41FF-A1A2-4563-96DA-DCB701591726}.Debug|Any CPU.Build.0 = Debug|Any CPU
		{706E41FF-A1A2-4563-96DA-DCB701591726}.Release|Any CPU.ActiveCfg = Release|Any CPU
		{706E41FF-A1A2-4563-96DA-DCB701591726}.Release|Any CPU.Build.0 = Release|Any CPU
		{2B92E9E6-6561-4F1C-9325-54306B05C89C}.Debug|Any CPU.ActiveCfg = Debug|Any CPU
		{2B92E9E6-6561-4F1C-9325-54306B05C89C}.Debug|Any CPU.Build.0 = Debug|Any CPU
		{2B92E9E6-6561-4F1C-9325-54306B05C89C}.Release|Any CPU.ActiveCfg = Release|Any CPU
		{2B92E9E6-6561-4F1C-9325-54306B05C89C}.Release|Any CPU.Build.0 = Release|Any CPU
		{DF06B2EA-5DDF-49AA-A1A7-67A87960E2BE}.Debug|Any CPU.ActiveCfg = Debug|Any CPU
		{DF06B2EA-5DDF-49AA-A1A7-67A87960E2BE}.Debug|Any CPU.Build.0 = Debug|Any CPU
		{DF06B2EA-5DDF-49AA-A1A7-67A87960E2BE}.Release|Any CPU.ActiveCfg = Release|Any CPU
		{DF06B2EA-5DDF-49AA-A1A7-67A87960E2BE}.Release|Any CPU.Build.0 = Release|Any CPU
		{CD91C036-3017-4E62-915C-07373FCBE198}.Debug|Any CPU.ActiveCfg = Debug|Any CPU
		{CD91C036-3017-4E62-915C-07373FCBE198}.Debug|Any CPU.Build.0 = Debug|Any CPU
		{CD91C036-3017-4E62-915C-07373FCBE198}.Release|Any CPU.ActiveCfg = Release|Any CPU
		{CD91C036-3017-4E62-915C-07373FCBE198}.Release|Any CPU.Build.0 = Release|Any CPU
		{1E208EF0-737E-4602-B885-B8AE86C1B7F9}.Debug|Any CPU.ActiveCfg = Debug|Any CPU
		{1E208EF0-737E-4602-B885-B8AE86C1B7F9}.Debug|Any CPU.Build.0 = Debug|Any CPU
		{1E208EF0-737E-4602-B885-B8AE86C1B7F9}.Release|Any CPU.ActiveCfg = Release|Any CPU
		{1E208EF0-737E-4602-B885-B8AE86C1B7F9}.Release|Any CPU.Build.0 = Release|Any CPU
		{78448F1A-4507-4703-9071-6F67303493B8}.Debug|Any CPU.ActiveCfg = Debug|Any CPU
		{78448F1A-4507-4703-9071-6F67303493B8}.Debug|Any CPU.Build.0 = Debug|Any CPU
		{78448F1A-4507-4703-9071-6F67303493B8}.Release|Any CPU.ActiveCfg = Release|Any CPU
		{78448F1A-4507-4703-9071-6F67303493B8}.Release|Any CPU.Build.0 = Release|Any CPU
		{5311A088-5289-4211-B35B-2B39A7D3F78A}.Debug|Any CPU.ActiveCfg = Debug|Any CPU
		{5311A088-5289-4211-B35B-2B39A7D3F78A}.Debug|Any CPU.Build.0 = Debug|Any CPU
		{5311A088-5289-4211-B35B-2B39A7D3F78A}.Release|Any CPU.ActiveCfg = Release|Any CPU
		{5311A088-5289-4211-B35B-2B39A7D3F78A}.Release|Any CPU.Build.0 = Release|Any CPU
	EndGlobalSection
	GlobalSection(SolutionProperties) = preSolution
		HideSolutionNode = FALSE
	EndGlobalSection
	GlobalSection(NestedProjects) = preSolution
		{690EDF24-7CB1-43F5-81D7-FEB6C4BD2F57} = {3B59940A-F7D8-4981-BA62-52DF4C968333}
		{29081E35-3FFC-47CC-A558-801FF4D62A9F} = {059EC539-386D-4A71-961A-325F051B931E}
		{9E687E0A-B777-4B57-8C8D-424375B24EFB} = {F76295AF-E07A-43E9-962B-C00E8A2D2294}
		{E3B656F3-8048-49C2-8A7F-615A30D1A1DE} = {7196BF8F-8BBB-44CD-A9D9-C77C1FBF7A34}
		{3075EF73-8988-4657-A4F4-37C00D62336E} = {F7E69E43-2424-4F7D-A177-5DF644D4F187}
		{2F4D1CD1-E486-407C-8F4F-ADABD99F98C6} = {2ACF11E9-DCE6-4401-B941-D7BF866C7536}
		{3B59940A-F7D8-4981-BA62-52DF4C968333} = {F9E694CD-EE39-44D4-8F3E-FE0E7A378A55}
		{059EC539-386D-4A71-961A-325F051B931E} = {F9E694CD-EE39-44D4-8F3E-FE0E7A378A55}
		{F76295AF-E07A-43E9-962B-C00E8A2D2294} = {F9E694CD-EE39-44D4-8F3E-FE0E7A378A55}
		{7196BF8F-8BBB-44CD-A9D9-C77C1FBF7A34} = {F9E694CD-EE39-44D4-8F3E-FE0E7A378A55}
		{F7E69E43-2424-4F7D-A177-5DF644D4F187} = {F9E694CD-EE39-44D4-8F3E-FE0E7A378A55}
		{2ACF11E9-DCE6-4401-B941-D7BF866C7536} = {08C337F4-38FC-4CAE-AD05-137F48D966F8}
		{420BCF58-B94D-41D4-BA57-D3BBD00F6D58} = {08C337F4-38FC-4CAE-AD05-137F48D966F8}
		{993682AB-BB6F-4B4A-AEB1-F5F3AEEAF370} = {420BCF58-B94D-41D4-BA57-D3BBD00F6D58}
		{3C275BF8-8804-43BF-B2FE-C7C88B106AC3} = {08C337F4-38FC-4CAE-AD05-137F48D966F8}
		{883604E1-7D38-41C1-A27B-E1AC32D302E1} = {3C275BF8-8804-43BF-B2FE-C7C88B106AC3}
		{0EEF98E1-DAFA-46F1-95F5-1C80608B7593} = {08C337F4-38FC-4CAE-AD05-137F48D966F8}
		{AC36B4CD-966C-44B2-BE6A-707020503B98} = {0EEF98E1-DAFA-46F1-95F5-1C80608B7593}
		{BC37FE8F-3863-49D0-B016-180BCD94D823} = {08C337F4-38FC-4CAE-AD05-137F48D966F8}
		{60684BA0-3110-4D75-8EC2-5485B2740168} = {BC37FE8F-3863-49D0-B016-180BCD94D823}
		{F875A18C-1864-47EF-9493-5436E8045A9D} = {08C337F4-38FC-4CAE-AD05-137F48D966F8}
		{EDDD1F0F-C484-4AB5-8B36-01FD6D81D041} = {F875A18C-1864-47EF-9493-5436E8045A9D}
		{4A968AA1-E616-4CB3-9F42-9C48067038B5} = {08C337F4-38FC-4CAE-AD05-137F48D966F8}
		{706E41FF-A1A2-4563-96DA-DCB701591726} = {4A968AA1-E616-4CB3-9F42-9C48067038B5}
		{E0A62552-72BC-49C2-A708-56F7546E2D7A} = {9FBBD5F9-8820-4501-8FB9-300E431EB11C}
		{2B92E9E6-6561-4F1C-9325-54306B05C89C} = {E0A62552-72BC-49C2-A708-56F7546E2D7A}
		{0F9E59AA-D104-42AE-8FCE-68A5EABFB401} = {9FBBD5F9-8820-4501-8FB9-300E431EB11C}
		{DF06B2EA-5DDF-49AA-A1A7-67A87960E2BE} = {0F9E59AA-D104-42AE-8FCE-68A5EABFB401}
		{7F416EE3-F7E8-4644-AAF0-E4EB4392E5C4} = {9FBBD5F9-8820-4501-8FB9-300E431EB11C}
		{CD91C036-3017-4E62-915C-07373FCBE198} = {7F416EE3-F7E8-4644-AAF0-E4EB4392E5C4}
		{277FA601-B549-4393-8E02-D037EE866E4C} = {9FBBD5F9-8820-4501-8FB9-300E431EB11C}
		{1E208EF0-737E-4602-B885-B8AE86C1B7F9} = {277FA601-B549-4393-8E02-D037EE866E4C}
		{8D40E6DB-E80E-48FD-AFA4-7660DE101EBC} = {9FBBD5F9-8820-4501-8FB9-300E431EB11C}
		{78448F1A-4507-4703-9071-6F67303493B8} = {8D40E6DB-E80E-48FD-AFA4-7660DE101EBC}
		{37C7B248-9EE8-4DC7-A92A-C52F03FF49C7} = {9FBBD5F9-8820-4501-8FB9-300E431EB11C}
		{5311A088-5289-4211-B35B-2B39A7D3F78A} = {37C7B248-9EE8-4DC7-A92A-C52F03FF49C7}
	EndGlobalSection
	GlobalSection(ExtensibilityGlobals) = postSolution
		SolutionGuid = {FE3C8D42-407F-44A0-B643-21BEDBFAD778}
	EndGlobalSection
EndGlobal
